
Microsoft Visual Studio Solution File, Format Version 12.00
# Visual Studio 14
VisualStudioVersion = 14.0.24720.0
MinimumVisualStudioVersion = 10.0.40219.1
Project("{FAE04EC0-301F-11D3-BF4B-00C04F79EFBC}") = "TweetDeckViewer", "TweetDeckViewer\TweetDeckViewer.csproj", "{04DE932B-87E4-41A6-8162-048A3355ED9C}"
EndProject
Global
	GlobalSection(SolutionConfigurationPlatforms) = preSolution
		Debug|Any CPU = Debug|Any CPU
		Release|Any CPU = Release|Any CPU
	EndGlobalSection
	GlobalSection(ProjectConfigurationPlatforms) = postSolution
		{04DE932B-87E4-41A6-8162-048A3355ED9C}.Debug|Any CPU.ActiveCfg = Debug|Any CPU
		{04DE932B-87E4-41A6-8162-048A3355ED9C}.Debug|Any CPU.Build.0 = Debug|Any CPU
		{04DE932B-87E4-41A6-8162-048A3355ED9C}.Release|Any CPU.ActiveCfg = Release|Any CPU
		{04DE932B-87E4-41A6-8162-048A3355ED9C}.Release|Any CPU.Build.0 = Release|Any CPU
	EndGlobalSection
	GlobalSection(SolutionProperties) = preSolution
		HideSolutionNode = FALSE
	EndGlobalSection
EndGlobal
